
Microsoft Visual Studio Solution File, Format Version 12.00
# Visual Studio 15
VisualStudioVersion = 15.0.28307.329
MinimumVisualStudioVersion = 10.0.40219.1
Project("{FAE04EC0-301F-11D3-BF4B-00C04F79EFBC}") = "RS2", "RS2\RS2.csproj", "{A8E913D7-FDA3-4B56-8DF3-0456A53E6123}"
EndProject
Global
	GlobalSection(SolutionConfigurationPlatforms) = preSolution
		Debug|Any CPU = Debug|Any CPU
		Release|Any CPU = Release|Any CPU
	EndGlobalSection
	GlobalSection(ProjectConfigurationPlatforms) = postSolution
		{A8E913D7-FDA3-4B56-8DF3-0456A53E6123}.Debug|Any CPU.ActiveCfg = Debug|Any CPU
		{A8E913D7-FDA3-4B56-8DF3-0456A53E6123}.Debug|Any CPU.Build.0 = Debug|Any CPU
		{A8E913D7-FDA3-4B56-8DF3-0456A53E6123}.Release|Any CPU.ActiveCfg = Release|Any CPU
		{A8E913D7-FDA3-4B56-8DF3-0456A53E6123}.Release|Any CPU.Build.0 = Release|Any CPU
	EndGlobalSection
	GlobalSection(SolutionProperties) = preSolution
		HideSolutionNode = FALSE
	EndGlobalSection
	GlobalSection(ExtensibilityGlobals) = postSolution
		SolutionGuid = {C8750214-1FFD-4827-A095-B0FA87128F6A}
	EndGlobalSection
EndGlobal
